
Microsoft Visual Studio Solution File, Format Version 12.00
# Visual Studio Version 16
VisualStudioVersion = 16.0.31410.357
MinimumVisualStudioVersion = 10.0.40219.1
Project("{9A19103F-16F7-4668-BE54-9A1E7A4F7556}") = "VictorianPlumbing", "VictorianPlumbing.csproj", "{2D6B7718-04F3-4235-92C4-C63DFDF3DB00}"
EndProject
Project("{9A19103F-16F7-4668-BE54-9A1E7A4F7556}") = "VictorianPlumbing.Models", "..\VictorianPlumbing.Models\VictorianPlumbing.Models.csproj", "{D17F85B4-45DE-4F86-84B3-7E928FB5831F}"
EndProject
Project("{FAE04EC0-301F-11D3-BF4B-00C04F79EFBC}") = "VictorianPlumbing.Services", "..\VictorianPlumbing.Services\VictorianPlumbing.Services.csproj", "{5C2510ED-EB7A-415F-85AD-528530371C23}"
EndProject
Global
	GlobalSection(SolutionConfigurationPlatforms) = preSolution
		Debug|Any CPU = Debug|Any CPU
		Release|Any CPU = Release|Any CPU
	EndGlobalSection
	GlobalSection(ProjectConfigurationPlatforms) = postSolution
		{2D6B7718-04F3-4235-92C4-C63DFDF3DB00}.Debug|Any CPU.ActiveCfg = Debug|Any CPU
		{2D6B7718-04F3-4235-92C4-C63DFDF3DB00}.Debug|Any CPU.Build.0 = Debug|Any CPU
		{2D6B7718-04F3-4235-92C4-C63DFDF3DB00}.Release|Any CPU.ActiveCfg = Release|Any CPU
		{2D6B7718-04F3-4235-92C4-C63DFDF3DB00}.Release|Any CPU.Build.0 = Release|Any CPU
		{D17F85B4-45DE-4F86-84B3-7E928FB5831F}.Debug|Any CPU.ActiveCfg = Debug|Any CPU
		{D17F85B4-45DE-4F86-84B3-7E928FB5831F}.Debug|Any CPU.Build.0 = Debug|Any CPU
		{D17F85B4-45DE-4F86-84B3-7E928FB5831F}.Release|Any CPU.ActiveCfg = Release|Any CPU
		{D17F85B4-45DE-4F86-84B3-7E928FB5831F}.Release|Any CPU.Build.0 = Release|Any CPU
		{5C2510ED-EB7A-415F-85AD-528530371C23}.Debug|Any CPU.ActiveCfg = Debug|Any CPU
		{5C2510ED-EB7A-415F-85AD-528530371C23}.Debug|Any CPU.Build.0 = Debug|Any CPU
		{5C2510ED-EB7A-415F-85AD-528530371C23}.Release|Any CPU.ActiveCfg = Release|Any CPU
		{5C2510ED-EB7A-415F-85AD-528530371C23}.Release|Any CPU.Build.0 = Release|Any CPU
	EndGlobalSection
	GlobalSection(SolutionProperties) = preSolution
		HideSolutionNode = FALSE
	EndGlobalSection
	GlobalSection(ExtensibilityGlobals) = postSolution
		SolutionGuid = {6E1D039C-A6C9-4D5D-8251-E7A15E3993E4}
	EndGlobalSection
EndGlobal
